// !$*UTF8*$!
{
	archiveVersion = 1;
	classes = {
	};
	objectVersion = 56;
	objects = {

/* Begin PBXBuildFile section */
		AC4026E7291D122F0034CCDD /* RecipeTestApp.swift in Sources */ = {isa = PBXBuildFile; fileRef = AC4026E6291D122F0034CCDD /* RecipeTestApp.swift */; };
		AC4026E9291D122F0034CCDD /* ContentView.swift in Sources */ = {isa = PBXBuildFile; fileRef = AC4026E8291D122F0034CCDD /* ContentView.swift */; };
		AC4026EB291D12300034CCDD /* Assets.xcassets in Resources */ = {isa = PBXBuildFile; fileRef = AC4026EA291D12300034CCDD /* Assets.xcassets */; };
		AC4026EE291D12300034CCDD /* Preview Assets.xcassets in Resources */ = {isa = PBXBuildFile; fileRef = AC4026ED291D12300034CCDD /* Preview Assets.xcassets */; };
		AC4026F6291D12790034CCDD /* RecipeData.swift in Sources */ = {isa = PBXBuildFile; fileRef = AC4026F5291D12790034CCDD /* RecipeData.swift */; };
		AC4026F9291D12B50034CCDD /* RecipeModel.swift in Sources */ = {isa = PBXBuildFile; fileRef = AC4026F8291D12B50034CCDD /* RecipeModel.swift */; };
		AC4026FC291D12F50034CCDD /* FavoriteViewModel.swift in Sources */ = {isa = PBXBuildFile; fileRef = AC4026FB291D12F50034CCDD /* FavoriteViewModel.swift */; };
		AC4026FE291D13290034CCDD /* AddRecipeViewModel.swift in Sources */ = {isa = PBXBuildFile; fileRef = AC4026FD291D13290034CCDD /* AddRecipeViewModel.swift */; };
		AC402701291D13AF0034CCDD /* RecipeListView.swift in Sources */ = {isa = PBXBuildFile; fileRef = AC402700291D13AF0034CCDD /* RecipeListView.swift */; };
		AC402703291D13CC0034CCDD /* RecipeDetailView.swift in Sources */ = {isa = PBXBuildFile; fileRef = AC402702291D13CC0034CCDD /* RecipeDetailView.swift */; };
		AC402705291D13F60034CCDD /* FavoriteRecipeListView.swift in Sources */ = {isa = PBXBuildFile; fileRef = AC402704291D13F60034CCDD /* FavoriteRecipeListView.swift */; };
		AC402707291D14440034CCDD /* RecipeFormView.swift in Sources */ = {isa = PBXBuildFile; fileRef = AC402706291D14440034CCDD /* RecipeFormView.swift */; };
		AC402709291D146A0034CCDD /* AddedRecipeListView.swift in Sources */ = {isa = PBXBuildFile; fileRef = AC402708291D146A0034CCDD /* AddedRecipeListView.swift */; };
		AC40270B291D14A00034CCDD /* EmptyView.swift in Sources */ = {isa = PBXBuildFile; fileRef = AC40270A291D14A00034CCDD /* EmptyView.swift */; };
		ACAD6094291D17E400DBB067 /* GoogleService-Info.plist in Resources */ = {isa = PBXBuildFile; fileRef = ACAD6093291D17E400DBB067 /* GoogleService-Info.plist */; };
		ACAD6098291D192700DBB067 /* FirebaseAnalytics in Frameworks */ = {isa = PBXBuildFile; productRef = ACAD6097291D192700DBB067 /* FirebaseAnalytics */; };
		ACAD609A291D192700DBB067 /* FirebaseAnalyticsOnDeviceConversion in Frameworks */ = {isa = PBXBuildFile; productRef = ACAD6099291D192700DBB067 /* FirebaseAnalyticsOnDeviceConversion */; };
		ACAD609C291D192700DBB067 /* FirebaseAnalyticsSwift in Frameworks */ = {isa = PBXBuildFile; productRef = ACAD609B291D192700DBB067 /* FirebaseAnalyticsSwift */; };
		ACAD609E291D192700DBB067 /* FirebaseAnalyticsWithoutAdIdSupport in Frameworks */ = {isa = PBXBuildFile; productRef = ACAD609D291D192700DBB067 /* FirebaseAnalyticsWithoutAdIdSupport */; };
		ACAD60A0291D192700DBB067 /* FirebaseAppCheck in Frameworks */ = {isa = PBXBuildFile; productRef = ACAD609F291D192700DBB067 /* FirebaseAppCheck */; };
		ACAD60A2291D192700DBB067 /* FirebaseAppDistribution-Beta in Frameworks */ = {isa = PBXBuildFile; productRef = ACAD60A1291D192700DBB067 /* FirebaseAppDistribution-Beta */; };
/* End PBXBuildFile section */

/* Begin PBXFileReference section */
		AC4026E3291D122F0034CCDD /* RecipeTest.app */ = {isa = PBXFileReference; explicitFileType = wrapper.application; includeInIndex = 0; path = RecipeTest.app; sourceTree = BUILT_PRODUCTS_DIR; };
		AC4026E6291D122F0034CCDD /* RecipeTestApp.swift */ = {isa = PBXFileReference; lastKnownFileType = sourcecode.swift; path = RecipeTestApp.swift; sourceTree = "<group>"; };
		AC4026E8291D122F0034CCDD /* ContentView.swift */ = {isa = PBXFileReference; lastKnownFileType = sourcecode.swift; path = ContentView.swift; sourceTree = "<group>"; };
		AC4026EA291D12300034CCDD /* Assets.xcassets */ = {isa = PBXFileReference; lastKnownFileType = folder.assetcatalog; path = Assets.xcassets; sourceTree = "<group>"; };
		AC4026ED291D12300034CCDD /* Preview Assets.xcassets */ = {isa = PBXFileReference; lastKnownFileType = folder.assetcatalog; path = "Preview Assets.xcassets"; sourceTree = "<group>"; };
		AC4026F5291D12790034CCDD /* RecipeData.swift */ = {isa = PBXFileReference; lastKnownFileType = sourcecode.swift; path = RecipeData.swift; sourceTree = "<group>"; };
		AC4026F8291D12B50034CCDD /* RecipeModel.swift */ = {isa = PBXFileReference; lastKnownFileType = sourcecode.swift; path = RecipeModel.swift; sourceTree = "<group>"; };
		AC4026FB291D12F50034CCDD /* FavoriteViewModel.swift */ = {isa = PBXFileReference; lastKnownFileType = sourcecode.swift; path = FavoriteViewModel.swift; sourceTree = "<group>"; };
		AC4026FD291D13290034CCDD /* AddRecipeViewModel.swift */ = {isa = PBXFileReference; lastKnownFileType = sourcecode.swift; path = AddRecipeViewModel.swift; sourceTree = "<group>"; };
		AC402700291D13AF0034CCDD /* RecipeListView.swift */ = {isa = PBXFileReference; lastKnownFileType = sourcecode.swift; path = RecipeListView.swift; sourceTree = "<group>"; };
		AC402702291D13CC0034CCDD /* RecipeDetailView.swift */ = {isa = PBXFileReference; lastKnownFileType = sourcecode.swift; path = RecipeDetailView.swift; sourceTree = "<group>"; };
		AC402704291D13F60034CCDD /* FavoriteRecipeListView.swift */ = {isa = PBXFileReference; lastKnownFileType = sourcecode.swift; path = FavoriteRecipeListView.swift; sourceTree = "<group>"; };
		AC402706291D14440034CCDD /* RecipeFormView.swift */ = {isa = PBXFileReference; lastKnownFileType = sourcecode.swift; path = RecipeFormView.swift; sourceTree = "<group>"; };
		AC402708291D146A0034CCDD /* AddedRecipeListView.swift */ = {isa = PBXFileReference; lastKnownFileType = sourcecode.swift; path = AddedRecipeListView.swift; sourceTree = "<group>"; };
		AC40270A291D14A00034CCDD /* EmptyView.swift */ = {isa = PBXFileReference; lastKnownFileType = sourcecode.swift; path = EmptyView.swift; sourceTree = "<group>"; };
		ACAD6093291D17E400DBB067 /* GoogleService-Info.plist */ = {isa = PBXFileReference; fileEncoding = 4; lastKnownFileType = text.plist.xml; name = "GoogleService-Info.plist"; path = "../../Downloads/GoogleService-Info.plist"; sourceTree = "<group>"; };
		ACAD6095291D17E800DBB067 /* GoogleService-Info.plist */ = {isa = PBXFileReference; lastKnownFileType = text.plist.xml; path = "GoogleService-Info.plist"; sourceTree = "<group>"; };
		ACAD60A3291D2A7B00DBB067 /* GoogleService-Info.plist */ = {isa = PBXFileReference; lastKnownFileType = text.plist.xml; name = "GoogleService-Info.plist"; path = "../../../Downloads/GoogleService-Info.plist"; sourceTree = "<group>"; };
/* End PBXFileReference section */

/* Begin PBXFrameworksBuildPhase section */
		AC4026E0291D122F0034CCDD /* Frameworks */ = {
			isa = PBXFrameworksBuildPhase;
			buildActionMask = 2147483647;
			files = (
				ACAD609C291D192700DBB067 /* FirebaseAnalyticsSwift in Frameworks */,
				ACAD6098291D192700DBB067 /* FirebaseAnalytics in Frameworks */,
				ACAD609A291D192700DBB067 /* FirebaseAnalyticsOnDeviceConversion in Frameworks */,
				ACAD60A0291D192700DBB067 /* FirebaseAppCheck in Frameworks */,
				ACAD609E291D192700DBB067 /* FirebaseAnalyticsWithoutAdIdSupport in Frameworks */,
				ACAD60A2291D192700DBB067 /* FirebaseAppDistribution-Beta in Frameworks */,
			);
			runOnlyForDeploymentPostprocessing = 0;
		};
/* End PBXFrameworksBuildPhase section */

/* Begin PBXGroup section */
		AC4026DA291D122F0034CCDD = {
			isa = PBXGroup;
			children = (
				ACAD6093291D17E400DBB067 /* GoogleService-Info.plist */,
				AC4026E5291D122F0034CCDD /* RecipeTest */,
				AC4026E4291D122F0034CCDD /* Products */,
			);
			sourceTree = "<group>";
		};
		AC4026E4291D122F0034CCDD /* Products */ = {
			isa = PBXGroup;
			children = (
				AC4026E3291D122F0034CCDD /* RecipeTest.app */,
			);
			name = Products;
			sourceTree = "<group>";
		};
		AC4026E5291D122F0034CCDD /* RecipeTest */ = {
			isa = PBXGroup;
			children = (
				AC4026E6291D122F0034CCDD /* RecipeTestApp.swift */,
				AC4026F4291D12640034CCDD /* Data */,
				AC4026F7291D12970034CCDD /* Model */,
				AC4026FA291D12D90034CCDD /* ViewModel */,
				AC4026FF291D13530034CCDD /* View */,
				AC4026EA291D12300034CCDD /* Assets.xcassets */,
				ACAD6095291D17E800DBB067 /* GoogleService-Info.plist */,
				ACAD60A3291D2A7B00DBB067 /* GoogleService-Info.plist */,
				AC4026EC291D12300034CCDD /* Preview Content */,
			);
			path = RecipeTest;
			sourceTree = "<group>";
		};
		AC4026EC291D12300034CCDD /* Preview Content */ = {
			isa = PBXGroup;
			children = (
				AC4026ED291D12300034CCDD /* Preview Assets.xcassets */,
			);
			path = "Preview Content";
			sourceTree = "<group>";
		};
		AC4026F4291D12640034CCDD /* Data */ = {
			isa = PBXGroup;
			children = (
				AC4026F5291D12790034CCDD /* RecipeData.swift */,
			);
			path = Data;
			sourceTree = "<group>";
		};
		AC4026F7291D12970034CCDD /* Model */ = {
			isa = PBXGroup;
			children = (
				AC4026F8291D12B50034CCDD /* RecipeModel.swift */,
			);
			path = Model;
			sourceTree = "<group>";
		};
		AC4026FA291D12D90034CCDD /* ViewModel */ = {
			isa = PBXGroup;
			children = (
				AC4026FB291D12F50034CCDD /* FavoriteViewModel.swift */,
				AC4026FD291D13290034CCDD /* AddRecipeViewModel.swift */,
			);
			path = ViewModel;
			sourceTree = "<group>";
		};
		AC4026FF291D13530034CCDD /* View */ = {
			isa = PBXGroup;
			children = (
				AC4026E8291D122F0034CCDD /* ContentView.swift */,
				AC402700291D13AF0034CCDD /* RecipeListView.swift */,
				AC402702291D13CC0034CCDD /* RecipeDetailView.swift */,
				AC402704291D13F60034CCDD /* FavoriteRecipeListView.swift */,
				AC402706291D14440034CCDD /* RecipeFormView.swift */,
				AC402708291D146A0034CCDD /* AddedRecipeListView.swift */,
				AC40270A291D14A00034CCDD /* EmptyView.swift */,
			);
			path = View;
			sourceTree = "<group>";
		};
/* End PBXGroup section */

/* Begin PBXNativeTarget section */
		AC4026E2291D122F0034CCDD /* RecipeTest */ = {
			isa = PBXNativeTarget;
			buildConfigurationList = AC4026F1291D12300034CCDD /* Build configuration list for PBXNativeTarget "RecipeTest" */;
			buildPhases = (
				AC4026DF291D122F0034CCDD /* Sources */,
				AC4026E0291D122F0034CCDD /* Frameworks */,
				AC4026E1291D122F0034CCDD /* Resources */,
			);
			buildRules = (
			);
			dependencies = (
			);
			name = RecipeTest;
			packageProductDependencies = (
				ACAD6097291D192700DBB067 /* FirebaseAnalytics */,
				ACAD6099291D192700DBB067 /* FirebaseAnalyticsOnDeviceConversion */,
				ACAD609B291D192700DBB067 /* FirebaseAnalyticsSwift */,
				ACAD609D291D192700DBB067 /* FirebaseAnalyticsWithoutAdIdSupport */,
				ACAD609F291D192700DBB067 /* FirebaseAppCheck */,
				ACAD60A1291D192700DBB067 /* FirebaseAppDistribution-Beta */,
			);
			productName = RecipeTest;
			productReference = AC4026E3291D122F0034CCDD /* RecipeTest.app */;
			productType = "com.apple.product-type.application";
		};
/* End PBXNativeTarget section */

/* Begin PBXProject section */
		AC4026DB291D122F0034CCDD /* Project object */ = {
			isa = PBXProject;
			attributes = {
				BuildIndependentTargetsInParallel = 1;
				LastSwiftUpdateCheck = 1410;
				LastUpgradeCheck = 1410;
				TargetAttributes = {
					AC4026E2291D122F0034CCDD = {
						CreatedOnToolsVersion = 14.1;
					};
				};
			};
			buildConfigurationList = AC4026DE291D122F0034CCDD /* Build configuration list for PBXProject "RecipeTest" */;
			compatibilityVersion = "Xcode 14.0";
			developmentRegion = en;
			hasScannedForEncodings = 0;
			knownRegions = (
				en,
				Base,
			);
			mainGroup = AC4026DA291D122F0034CCDD;
			packageReferences = (
				ACAD6096291D192700DBB067 /* XCRemoteSwiftPackageReference "firebase-ios-sdk" */,
			);
			productRefGroup = AC4026E4291D122F0034CCDD /* Products */;
			projectDirPath = "";
			projectRoot = "";
			targets = (
				AC4026E2291D122F0034CCDD /* RecipeTest */,
			);
		};
/* End PBXProject section */

/* Begin PBXResourcesBuildPhase section */
		AC4026E1291D122F0034CCDD /* Resources */ = {
			isa = PBXResourcesBuildPhase;
			buildActionMask = 2147483647;
			files = (
				AC4026EE291D12300034CCDD /* Preview Assets.xcassets in Resources */,
				AC4026EB291D12300034CCDD /* Assets.xcassets in Resources */,
				ACAD6094291D17E400DBB067 /* GoogleService-Info.plist in Resources */,
			);
			runOnlyForDeploymentPostprocessing = 0;
		};
/* End PBXResourcesBuildPhase section */

/* Begin PBXSourcesBuildPhase section */
		AC4026DF291D122F0034CCDD /* Sources */ = {
			isa = PBXSourcesBuildPhase;
			buildActionMask = 2147483647;
			files = (
				AC4026F6291D12790034CCDD /* RecipeData.swift in Sources */,
				AC402701291D13AF0034CCDD /* RecipeListView.swift in Sources */,
				AC402707291D14440034CCDD /* RecipeFormView.swift in Sources */,
				AC4026F9291D12B50034CCDD /* RecipeModel.swift in Sources */,
				AC40270B291D14A00034CCDD /* EmptyView.swift in Sources */,
				AC4026FE291D13290034CCDD /* AddRecipeViewModel.swift in Sources */,
				AC4026E9291D122F0034CCDD /* ContentView.swift in Sources */,
				AC402709291D146A0034CCDD /* AddedRecipeListView.swift in Sources */,
				AC4026FC291D12F50034CCDD /* FavoriteViewModel.swift in Sources */,
				AC402705291D13F60034CCDD /* FavoriteRecipeListView.swift in Sources */,
				AC4026E7291D122F0034CCDD /* RecipeTestApp.swift in Sources */,
				AC402703291D13CC0034CCDD /* RecipeDetailView.swift in Sources */,
			);
			runOnlyForDeploymentPostprocessing = 0;
		};
/* End PBXSourcesBuildPhase section */

/* Begin XCBuildConfiguration section */
		AC4026EF291D12300034CCDD /* Debug */ = {
			isa = XCBuildConfiguration;
			buildSettings = {
				ALWAYS_SEARCH_USER_PATHS = NO;
				CLANG_ANALYZER_NONNULL = YES;
				CLANG_ANALYZER_NUMBER_OBJECT_CONVERSION = YES_AGGRESSIVE;
				CLANG_CXX_LANGUAGE_STANDARD = "gnu++20";
				CLANG_ENABLE_MODULES = YES;
				CLANG_ENABLE_OBJC_ARC = YES;
				CLANG_ENABLE_OBJC_WEAK = YES;
				CLANG_WARN_BLOCK_CAPTURE_AUTORELEASING = YES;
				CLANG_WARN_BOOL_CONVERSION = YES;
				CLANG_WARN_COMMA = YES;
				CLANG_WARN_CONSTANT_CONVERSION = YES;
				CLANG_WARN_DEPRECATED_OBJC_IMPLEMENTATIONS = YES;
				CLANG_WARN_DIRECT_OBJC_ISA_USAGE = YES_ERROR;
				CLANG_WARN_DOCUMENTATION_COMMENTS = YES;
				CLANG_WARN_EMPTY_BODY = YES;
				CLANG_WARN_ENUM_CONVERSION = YES;
				CLANG_WARN_INFINITE_RECURSION = YES;
				CLANG_WARN_INT_CONVERSION = YES;
				CLANG_WARN_NON_LITERAL_NULL_CONVERSION = YES;
				CLANG_WARN_OBJC_IMPLICIT_RETAIN_SELF = YES;
				CLANG_WARN_OBJC_LITERAL_CONVERSION = YES;
				CLANG_WARN_OBJC_ROOT_CLASS = YES_ERROR;
				CLANG_WARN_QUOTED_INCLUDE_IN_FRAMEWORK_HEADER = YES;
				CLANG_WARN_RANGE_LOOP_ANALYSIS = YES;
				CLANG_WARN_STRICT_PROTOTYPES = YES;
				CLANG_WARN_SUSPICIOUS_MOVE = YES;
				CLANG_WARN_UNGUARDED_AVAILABILITY = YES_AGGRESSIVE;
				CLANG_WARN_UNREACHABLE_CODE = YES;
				CLANG_WARN__DUPLICATE_METHOD_MATCH = YES;
				COPY_PHASE_STRIP = NO;
				DEBUG_INFORMATION_FORMAT = dwarf;
				ENABLE_STRICT_OBJC_MSGSEND = YES;
				ENABLE_TESTABILITY = YES;
				GCC_C_LANGUAGE_STANDARD = gnu11;
				GCC_DYNAMIC_NO_PIC = NO;
				GCC_NO_COMMON_BLOCKS = YES;
				GCC_OPTIMIZATION_LEVEL = 0;
				GCC_PREPROCESSOR_DEFINITIONS = (
					"DEBUG=1",
					"$(inherited)",
				);
				GCC_WARN_64_TO_32_BIT_CONVERSION = YES;
				GCC_WARN_ABOUT_RETURN_TYPE = YES_ERROR;
				GCC_WARN_UNDECLARED_SELECTOR = YES;
				GCC_WARN_UNINITIALIZED_AUTOS = YES_AGGRESSIVE;
				GCC_WARN_UNUSED_FUNCTION = YES;
				GCC_WARN_UNUSED_VARIABLE = YES;
				IPHONEOS_DEPLOYMENT_TARGET = 16.1;
				MTL_ENABLE_DEBUG_INFO = INCLUDE_SOURCE;
				MTL_FAST_MATH = YES;
				ONLY_ACTIVE_ARCH = YES;
				SDKROOT = iphoneos;
				SWIFT_ACTIVE_COMPILATION_CONDITIONS = DEBUG;
				SWIFT_OPTIMIZATION_LEVEL = "-Onone";
			};
			name = Debug;
		};
		AC4026F0291D12300034CCDD /* Release */ = {
			isa = XCBuildConfiguration;
			buildSettings = {
				ALWAYS_SEARCH_USER_PATHS = NO;
				CLANG_ANALYZER_NONNULL = YES;
				CLANG_ANALYZER_NUMBER_OBJECT_CONVERSION = YES_AGGRESSIVE;
				CLANG_CXX_LANGUAGE_STANDARD = "gnu++20";
				CLANG_ENABLE_MODULES = YES;
				CLANG_ENABLE_OBJC_ARC = YES;
				CLANG_ENABLE_OBJC_WEAK = YES;
				CLANG_WARN_BLOCK_CAPTURE_AUTORELEASING = YES;
				CLANG_WARN_BOOL_CONVERSION = YES;
				CLANG_WARN_COMMA = YES;
				CLANG_WARN_CONSTANT_CONVERSION = YES;
				CLANG_WARN_DEPRECATED_OBJC_IMPLEMENTATIONS = YES;
				CLANG_WARN_DIRECT_OBJC_ISA_USAGE = YES_ERROR;
				CLANG_WARN_DOCUMENTATION_COMMENTS = YES;
				CLANG_WARN_EMPTY_BODY = YES;
				CLANG_WARN_ENUM_CONVERSION = YES;
				CLANG_WARN_INFINITE_RECURSION = YES;
				CLANG_WARN_INT_CONVERSION = YES;
				CLANG_WARN_NON_LITERAL_NULL_CONVERSION = YES;
				CLANG_WARN_OBJC_IMPLICIT_RETAIN_SELF = YES;
				CLANG_WARN_OBJC_LITERAL_CONVERSION = YES;
				CLANG_WARN_OBJC_ROOT_CLASS = YES_ERROR;
				CLANG_WARN_QUOTED_INCLUDE_IN_FRAMEWORK_HEADER = YES;
				CLANG_WARN_RANGE_LOOP_ANALYSIS = YES;
				CLANG_WARN_STRICT_PROTOTYPES = YES;
				CLANG_WARN_SUSPICIOUS_MOVE = YES;
				CLANG_WARN_UNGUARDED_AVAILABILITY = YES_AGGRESSIVE;
				CLANG_WARN_UNREACHABLE_CODE = YES;
				CLANG_WARN__DUPLICATE_METHOD_MATCH = YES;
				COPY_PHASE_STRIP = NO;
				DEBUG_INFORMATION_FORMAT = "dwarf-with-dsym";
				ENABLE_NS_ASSERTIONS = NO;
				ENABLE_STRICT_OBJC_MSGSEND = YES;
				GCC_C_LANGUAGE_STANDARD = gnu11;
				GCC_NO_COMMON_BLOCKS = YES;
				GCC_WARN_64_TO_32_BIT_CONVERSION = YES;
				GCC_WARN_ABOUT_RETURN_TYPE = YES_ERROR;
				GCC_WARN_UNDECLARED_SELECTOR = YES;
				GCC_WARN_UNINITIALIZED_AUTOS = YES_AGGRESSIVE;
				GCC_WARN_UNUSED_FUNCTION = YES;
				GCC_WARN_UNUSED_VARIABLE = YES;
				IPHONEOS_DEPLOYMENT_TARGET = 16.1;
				MTL_ENABLE_DEBUG_INFO = NO;
				MTL_FAST_MATH = YES;
				SDKROOT = iphoneos;
				SWIFT_COMPILATION_MODE = wholemodule;
				SWIFT_OPTIMIZATION_LEVEL = "-O";
				VALIDATE_PRODUCT = YES;
			};
			name = Release;
		};
		AC4026F2291D12300034CCDD /* Debug */ = {
			isa = XCBuildConfiguration;
			buildSettings = {
				ASSETCATALOG_COMPILER_APPICON_NAME = AppIcon;
				ASSETCATALOG_COMPILER_GLOBAL_ACCENT_COLOR_NAME = AccentColor;
				CODE_SIGN_STYLE = Automatic;
				CURRENT_PROJECT_VERSION = 1;
				DEVELOPMENT_ASSET_PATHS = "\"RecipeTest/Preview Content\"";
				DEVELOPMENT_TEAM = 3WL53CAG23;
				ENABLE_PREVIEWS = YES;
				GENERATE_INFOPLIST_FILE = YES;
				INFOPLIST_KEY_UIApplicationSceneManifest_Generation = YES;
				INFOPLIST_KEY_UIApplicationSupportsIndirectInputEvents = YES;
				INFOPLIST_KEY_UILaunchScreen_Generation = YES;
				INFOPLIST_KEY_UISupportedInterfaceOrientations_iPad = "UIInterfaceOrientationPortrait UIInterfaceOrientationPortraitUpsideDown UIInterfaceOrientationLandscapeLeft UIInterfaceOrientationLandscapeRight";
				INFOPLIST_KEY_UISupportedInterfaceOrientations_iPhone = "UIInterfaceOrientationPortrait UIInterfaceOrientationLandscapeLeft UIInterfaceOrientationLandscapeRight";
				LD_RUNPATH_SEARCH_PATHS = (
					"$(inherited)",
					"@executable_path/Frameworks",
				);
				MARKETING_VERSION = 1.0;
				PRODUCT_BUNDLE_IDENTIFIER = Nat.RecipeTest;
				PRODUCT_NAME = "$(TARGET_NAME)";
				SWIFT_EMIT_LOC_STRINGS = YES;
				SWIFT_VERSION = 5.0;
				TARGETED_DEVICE_FAMILY = "1,2";
			};
			name = Debug;
		};
		AC4026F3291D12300034CCDD /* Release */ = {
			isa = XCBuildConfiguration;
			buildSettings = {
				ASSETCATALOG_COMPILER_APPICON_NAME = AppIcon;
				ASSETCATALOG_COMPILER_GLOBAL_ACCENT_COLOR_NAME = AccentColor;
				CODE_SIGN_STYLE = Automatic;
				CURRENT_PROJECT_VERSION = 1;
				DEVELOPMENT_ASSET_PATHS = "\"RecipeTest/Preview Content\"";
				DEVELOPMENT_TEAM = 3WL53CAG23;
				ENABLE_PREVIEWS = YES;
				GENERATE_INFOPLIST_FILE = YES;
				INFOPLIST_KEY_UIApplicationSceneManifest_Generation = YES;
				INFOPLIST_KEY_UIApplicationSupportsIndirectInputEvents = YES;
				INFOPLIST_KEY_UILaunchScreen_Generation = YES;
				INFOPLIST_KEY_UISupportedInterfaceOrientations_iPad = "UIInterfaceOrientationPortrait UIInterfaceOrientationPortraitUpsideDown UIInterfaceOrientationLandscapeLeft UIInterfaceOrientationLandscapeRight";
				INFOPLIST_KEY_UISupportedInterfaceOrientations_iPhone = "UIInterfaceOrientationPortrait UIInterfaceOrientationLandscapeLeft UIInterfaceOrientationLandscapeRight";
				LD_RUNPATH_SEARCH_PATHS = (
					"$(inherited)",
					"@executable_path/Frameworks",
				);
				MARKETING_VERSION = 1.0;
				PRODUCT_BUNDLE_IDENTIFIER = Nat.RecipeTest;
				PRODUCT_NAME = "$(TARGET_NAME)";
				SWIFT_EMIT_LOC_STRINGS = YES;
				SWIFT_VERSION = 5.0;
				TARGETED_DEVICE_FAMILY = "1,2";
			};
			name = Release;
		};
/* End XCBuildConfiguration section */

/* Begin XCConfigurationList section */
		AC4026DE291D122F0034CCDD /* Build configuration list for PBXProject "RecipeTest" */ = {
			isa = XCConfigurationList;
			buildConfigurations = (
				AC4026EF291D12300034CCDD /* Debug */,
				AC4026F0291D12300034CCDD /* Release */,
			);
			defaultConfigurationIsVisible = 0;
			defaultConfigurationName = Release;
		};
		AC4026F1291D12300034CCDD /* Build configuration list for PBXNativeTarget "RecipeTest" */ = {
			isa = XCConfigurationList;
			buildConfigurations = (
				AC4026F2291D12300034CCDD /* Debug */,
				AC4026F3291D12300034CCDD /* Release */,
			);
			defaultConfigurationIsVisible = 0;
			defaultConfigurationName = Release;
		};
/* End XCConfigurationList section */

/* Begin XCRemoteSwiftPackageReference section */
		ACAD6096291D192700DBB067 /* XCRemoteSwiftPackageReference "firebase-ios-sdk" */ = {
			isa = XCRemoteSwiftPackageReference;
			repositoryURL = "https://github.com/firebase/firebase-ios-sdk";
			requirement = {
				kind = upToNextMajorVersion;
				minimumVersion = 9.0.0;
			};
		};
/* End XCRemoteSwiftPackageReference section */

/* Begin XCSwiftPackageProductDependency section */
		ACAD6097291D192700DBB067 /* FirebaseAnalytics */ = {
			isa = XCSwiftPackageProductDependency;
			package = ACAD6096291D192700DBB067 /* XCRemoteSwiftPackageReference "firebase-ios-sdk" */;
			productName = FirebaseAnalytics;
		};
		ACAD6099291D192700DBB067 /* FirebaseAnalyticsOnDeviceConversion */ = {
			isa = XCSwiftPackageProductDependency;
			package = ACAD6096291D192700DBB067 /* XCRemoteSwiftPackageReference "firebase-ios-sdk" */;
			productName = FirebaseAnalyticsOnDeviceConversion;
		};
		ACAD609B291D192700DBB067 /* FirebaseAnalyticsSwift */ = {
			isa = XCSwiftPackageProductDependency;
			package = ACAD6096291D192700DBB067 /* XCRemoteSwiftPackageReference "firebase-ios-sdk" */;
			productName = FirebaseAnalyticsSwift;
		};
		ACAD609D291D192700DBB067 /* FirebaseAnalyticsWithoutAdIdSupport */ = {
			isa = XCSwiftPackageProductDependency;
			package = ACAD6096291D192700DBB067 /* XCRemoteSwiftPackageReference "firebase-ios-sdk" */;
			productName = FirebaseAnalyticsWithoutAdIdSupport;
		};
		ACAD609F291D192700DBB067 /* FirebaseAppCheck */ = {
			isa = XCSwiftPackageProductDependency;
			package = ACAD6096291D192700DBB067 /* XCRemoteSwiftPackageReference "firebase-ios-sdk" */;
			productName = FirebaseAppCheck;
		};
		ACAD60A1291D192700DBB067 /* FirebaseAppDistribution-Beta */ = {
			isa = XCSwiftPackageProductDependency;
			package = ACAD6096291D192700DBB067 /* XCRemoteSwiftPackageReference "firebase-ios-sdk" */;
			productName = "FirebaseAppDistribution-Beta";
		};
/* End XCSwiftPackageProductDependency section */
	};
	rootObject = AC4026DB291D122F0034CCDD /* Project object */;
}
